
Microsoft Visual Studio Solution File, Format Version 12.00
# Visual Studio Version 16
VisualStudioVersion = 16.0.28729.10
MinimumVisualStudioVersion = 10.0.40219.1
Project("{9A19103F-16F7-4668-BE54-9A1E7A4F7556}") = "BidCat", "BidCat\BidCat.csproj", "{F131FB5C-9073-4A81-AF3E-00F53538C7A8}"
EndProject
Project("{9A19103F-16F7-4668-BE54-9A1E7A4F7556}") = "BidCat-Console", "BidCat-Console\BidCat-Console.csproj", "{1D930585-9CBB-4767-AC75-0982E822CE72}"
EndProject
Project("{FAE04EC0-301F-11D3-BF4B-00C04F79EFBC}") = "BidCat-Service", "BidCat-Service\BidCat-Service.csproj", "{3E2BD2FB-BDE3-464F-ADB2-F35BE4A49DAC}"
EndProject
Global
	GlobalSection(SolutionConfigurationPlatforms) = preSolution
		Debug|Any CPU = Debug|Any CPU
		Release|Any CPU = Release|Any CPU
	EndGlobalSection
	GlobalSection(ProjectConfigurationPlatforms) = postSolution
		{F131FB5C-9073-4A81-AF3E-00F53538C7A8}.Debug|Any CPU.ActiveCfg = Debug|Any CPU
		{F131FB5C-9073-4A81-AF3E-00F53538C7A8}.Debug|Any CPU.Build.0 = Debug|Any CPU
		{F131FB5C-9073-4A81-AF3E-00F53538C7A8}.Release|Any CPU.ActiveCfg = Release|Any CPU
		{F131FB5C-9073-4A81-AF3E-00F53538C7A8}.Release|Any CPU.Build.0 = Release|Any CPU
		{1D930585-9CBB-4767-AC75-0982E822CE72}.Debug|Any CPU.ActiveCfg = Debug|Any CPU
		{1D930585-9CBB-4767-AC75-0982E822CE72}.Debug|Any CPU.Build.0 = Debug|Any CPU
		{1D930585-9CBB-4767-AC75-0982E822CE72}.Release|Any CPU.ActiveCfg = Release|Any CPU
		{1D930585-9CBB-4767-AC75-0982E822CE72}.Release|Any CPU.Build.0 = Release|Any CPU
		{3E2BD2FB-BDE3-464F-ADB2-F35BE4A49DAC}.Debug|Any CPU.ActiveCfg = Debug|Any CPU
		{3E2BD2FB-BDE3-464F-ADB2-F35BE4A49DAC}.Debug|Any CPU.Build.0 = Debug|Any CPU
		{3E2BD2FB-BDE3-464F-ADB2-F35BE4A49DAC}.Release|Any CPU.ActiveCfg = Release|Any CPU
		{3E2BD2FB-BDE3-464F-ADB2-F35BE4A49DAC}.Release|Any CPU.Build.0 = Release|Any CPU
	EndGlobalSection
	GlobalSection(SolutionProperties) = preSolution
		HideSolutionNode = FALSE
	EndGlobalSection
	GlobalSection(ExtensibilityGlobals) = postSolution
		SolutionGuid = {5D3E7FA6-E361-41CB-B68D-2E33A762156A}
	EndGlobalSection
EndGlobal
